# This file is automatically @generated by Poetry 2.2.1 and should not be changed by hand.

[[package]]
name = "clang"
version = "21.1.7"
description = "libclang python bindings"
optional = false
python-versions = "*"
groups = ["main"]
files = [
    {file = "clang-21.1.7-py3-none-any.whl", hash = "sha256:23ee8f7b62af648009aee5139516b2a2a9320680dbce6e42a53e48bd5e8983ea"},
    {file = "clang-21.1.7.tar.gz", hash = "sha256:01d5602b3fff77fef6d691a193d7aead4766b0f11d789d596200f3334a88f4b8"},
]

[metadata]
lock-version = "2.1"
python-versions = ">=3.11"
content-hash = "14902b9a3f0c2e0e1a4c0fd7ffd7e51eb41ff0c039a6922bab1061ac75d19da0"
